
Microsoft Visual Studio Solution File, Format Version 12.00
# Visual Studio Version 17
VisualStudioVersion = 17.6.33712.159
MinimumVisualStudioVersion = 10.0.40219.1
Project("{FAE04EC0-301F-11D3-BF4B-00C04F79EFBC}") = "Encrypted Note Vault", "Encrypted Note Vault\Encrypted Note Vault.csproj", "{2D8E881D-70AA-47B2-A10E-18C385A76BB6}"
EndProject
Global
	GlobalSection(SolutionConfigurationPlatforms) = preSolution
		Debug|Any CPU = Debug|Any CPU
		Release|Any CPU = Release|Any CPU
	EndGlobalSection
	GlobalSection(ProjectConfigurationPlatforms) = postSolution
		{2D8E881D-70AA-47B2-A10E-18C385A76BB6}.Debug|Any CPU.ActiveCfg = Debug|Any CPU
		{2D8E881D-70AA-47B2-A10E-18C385A76BB6}.Debug|Any CPU.Build.0 = Debug|Any CPU
		{2D8E881D-70AA-47B2-A10E-18C385A76BB6}.Release|Any CPU.ActiveCfg = Release|Any CPU
		{2D8E881D-70AA-47B2-A10E-18C385A76BB6}.Release|Any CPU.Build.0 = Release|Any CPU
	EndGlobalSection
	GlobalSection(SolutionProperties) = preSolution
		HideSolutionNode = FALSE
	EndGlobalSection
	GlobalSection(ExtensibilityGlobals) = postSolution
		SolutionGuid = {8B859743-E813-4DEB-B1E6-AB50FA5E3F80}
	EndGlobalSection
EndGlobal
